// !$*UTF8*$!
{
	archiveVersion = 1;
	classes = {
	};
	objectVersion = 55;
	objects = {

/* Begin PBXBuildFile section */
		2A4DF81128A330AD0063F9A7 /* Home.storyboard in Resources */ = {isa = PBXBuildFile; fileRef = 2A4DF81028A330AD0063F9A7 /* Home.storyboard */; };
		2A4DF81328A331310063F9A7 /* Detail.storyboard in Resources */ = {isa = PBXBuildFile; fileRef = 2A4DF81228A331310063F9A7 /* Detail.storyboard */; };
		2A71AD9E28A338690061E762 /* APIService.swift in Sources */ = {isa = PBXBuildFile; fileRef = 2A71AD9D28A338690061E762 /* APIService.swift */; };
		2A7DEE5328A13A5100048320 /* AppDelegate.swift in Sources */ = {isa = PBXBuildFile; fileRef = 2A7DEE5228A13A5100048320 /* AppDelegate.swift */; };
		2A7DEE5528A13A5100048320 /* SceneDelegate.swift in Sources */ = {isa = PBXBuildFile; fileRef = 2A7DEE5428A13A5100048320 /* SceneDelegate.swift */; };
		2A7DEE5C28A13A5200048320 /* Assets.xcassets in Resources */ = {isa = PBXBuildFile; fileRef = 2A7DEE5B28A13A5200048320 /* Assets.xcassets */; };
		2A7DEE5F28A13A5200048320 /* LaunchScreen.storyboard in Resources */ = {isa = PBXBuildFile; fileRef = 2A7DEE5D28A13A5200048320 /* LaunchScreen.storyboard */; };
		2A7DEE6828A1DDB600048320 /* HomeViewController.swift in Sources */ = {isa = PBXBuildFile; fileRef = 2A7DEE6728A1DDB600048320 /* HomeViewController.swift */; };
		2A7DEE6A28A1DDC700048320 /* HomeInteractor.swift in Sources */ = {isa = PBXBuildFile; fileRef = 2A7DEE6928A1DDC700048320 /* HomeInteractor.swift */; };
		2A7DEE6C28A1DDCF00048320 /* HomePresenter.swift in Sources */ = {isa = PBXBuildFile; fileRef = 2A7DEE6B28A1DDCF00048320 /* HomePresenter.swift */; };
		2A7DEE7028A1DDE900048320 /* HomeRouter.swift in Sources */ = {isa = PBXBuildFile; fileRef = 2A7DEE6F28A1DDE900048320 /* HomeRouter.swift */; };
		2A7DEE7428A1DE3500048320 /* DetailViewController.swift in Sources */ = {isa = PBXBuildFile; fileRef = 2A7DEE7328A1DE3500048320 /* DetailViewController.swift */; };
		2A7DEE7628A1DE3E00048320 /* DetailInteractor.swift in Sources */ = {isa = PBXBuildFile; fileRef = 2A7DEE7528A1DE3E00048320 /* DetailInteractor.swift */; };
		2A7DEE7828A1DE4500048320 /* DetailPresenter.swift in Sources */ = {isa = PBXBuildFile; fileRef = 2A7DEE7728A1DE4500048320 /* DetailPresenter.swift */; };
		2A7DEE7C28A1DE5300048320 /* DetailRouter.swift in Sources */ = {isa = PBXBuildFile; fileRef = 2A7DEE7B28A1DE5300048320 /* DetailRouter.swift */; };
		2A7DEE8928A32F0A00048320 /* Quote.swift in Sources */ = {isa = PBXBuildFile; fileRef = 2A7DEE8828A32F0A00048320 /* Quote.swift */; };
/* End PBXBuildFile section */

/* Begin PBXFileReference section */
		2A4DF81028A330AD0063F9A7 /* Home.storyboard */ = {isa = PBXFileReference; lastKnownFileType = file.storyboard; path = Home.storyboard; sourceTree = "<group>"; };
		2A4DF81228A331310063F9A7 /* Detail.storyboard */ = {isa = PBXFileReference; lastKnownFileType = file.storyboard; path = Detail.storyboard; sourceTree = "<group>"; };
		2A71AD9D28A338690061E762 /* APIService.swift */ = {isa = PBXFileReference; lastKnownFileType = sourcecode.swift; path = APIService.swift; sourceTree = "<group>"; };
		2A7DEE4F28A13A5100048320 /* VIPERArchitecture.app */ = {isa = PBXFileReference; explicitFileType = wrapper.application; includeInIndex = 0; path = VIPERArchitecture.app; sourceTree = BUILT_PRODUCTS_DIR; };
		2A7DEE5228A13A5100048320 /* AppDelegate.swift */ = {isa = PBXFileReference; lastKnownFileType = sourcecode.swift; path = AppDelegate.swift; sourceTree = "<group>"; };
		2A7DEE5428A13A5100048320 /* SceneDelegate.swift */ = {isa = PBXFileReference; lastKnownFileType = sourcecode.swift; path = SceneDelegate.swift; sourceTree = "<group>"; };
		2A7DEE5B28A13A5200048320 /* Assets.xcassets */ = {isa = PBXFileReference; lastKnownFileType = folder.assetcatalog; path = Assets.xcassets; sourceTree = "<group>"; };
		2A7DEE5E28A13A5200048320 /* Base */ = {isa = PBXFileReference; lastKnownFileType = file.storyboard; name = Base; path = Base.lproj/LaunchScreen.storyboard; sourceTree = "<group>"; };
		2A7DEE6028A13A5200048320 /* Info.plist */ = {isa = PBXFileReference; lastKnownFileType = text.plist.xml; path = Info.plist; sourceTree = "<group>"; };
		2A7DEE6728A1DDB600048320 /* HomeViewController.swift */ = {isa = PBXFileReference; lastKnownFileType = sourcecode.swift; path = HomeViewController.swift; sourceTree = "<group>"; };
		2A7DEE6928A1DDC700048320 /* HomeInteractor.swift */ = {isa = PBXFileReference; lastKnownFileType = sourcecode.swift; path = HomeInteractor.swift; sourceTree = "<group>"; };
		2A7DEE6B28A1DDCF00048320 /* HomePresenter.swift */ = {isa = PBXFileReference; lastKnownFileType = sourcecode.swift; path = HomePresenter.swift; sourceTree = "<group>"; };
		2A7DEE6F28A1DDE900048320 /* HomeRouter.swift */ = {isa = PBXFileReference; lastKnownFileType = sourcecode.swift; path = HomeRouter.swift; sourceTree = "<group>"; };
		2A7DEE7328A1DE3500048320 /* DetailViewController.swift */ = {isa = PBXFileReference; lastKnownFileType = sourcecode.swift; path = DetailViewController.swift; sourceTree = "<group>"; };
		2A7DEE7528A1DE3E00048320 /* DetailInteractor.swift */ = {isa = PBXFileReference; lastKnownFileType = sourcecode.swift; path = DetailInteractor.swift; sourceTree = "<group>"; };
		2A7DEE7728A1DE4500048320 /* DetailPresenter.swift */ = {isa = PBXFileReference; lastKnownFileType = sourcecode.swift; path = DetailPresenter.swift; sourceTree = "<group>"; };
		2A7DEE7B28A1DE5300048320 /* DetailRouter.swift */ = {isa = PBXFileReference; lastKnownFileType = sourcecode.swift; path = DetailRouter.swift; sourceTree = "<group>"; };
		2A7DEE8828A32F0A00048320 /* Quote.swift */ = {isa = PBXFileReference; lastKnownFileType = sourcecode.swift; path = Quote.swift; sourceTree = "<group>"; };
/* End PBXFileReference section */

/* Begin PBXFrameworksBuildPhase section */
		2A7DEE4C28A13A5100048320 /* Frameworks */ = {
			isa = PBXFrameworksBuildPhase;
			buildActionMask = 2147483647;
			files = (
			);
			runOnlyForDeploymentPostprocessing = 0;
		};
/* End PBXFrameworksBuildPhase section */

/* Begin PBXGroup section */
		2A7DEE4628A13A5100048320 = {
			isa = PBXGroup;
			children = (
				2A7DEE5128A13A5100048320 /* VIPERArchitecture */,
				2A7DEE5028A13A5100048320 /* Products */,
			);
			sourceTree = "<group>";
		};
		2A7DEE5028A13A5100048320 /* Products */ = {
			isa = PBXGroup;
			children = (
				2A7DEE4F28A13A5100048320 /* VIPERArchitecture.app */,
			);
			name = Products;
			sourceTree = "<group>";
		};
		2A7DEE5128A13A5100048320 /* VIPERArchitecture */ = {
			isa = PBXGroup;
			children = (
				2A7DEE6028A13A5200048320 /* Info.plist */,
				2A7DEE8128A1DFCD00048320 /* Common */,
				2A7DEE6628A1DD8800048320 /* Modules */,
				2A7DEE8228A1DFD500048320 /* Application */,
			);
			path = VIPERArchitecture;
			sourceTree = "<group>";
		};
		2A7DEE6628A1DD8800048320 /* Modules */ = {
			isa = PBXGroup;
			children = (
				2A7DEE7128A1DDF700048320 /* Main */,
				2A7DEE7228A1DDFE00048320 /* Detail */,
			);
			path = Modules;
			sourceTree = "<group>";
		};
		2A7DEE7128A1DDF700048320 /* Main */ = {
			isa = PBXGroup;
			children = (
				2A4DF81028A330AD0063F9A7 /* Home.storyboard */,
				2A7DEE6728A1DDB600048320 /* HomeViewController.swift */,
				2A7DEE6928A1DDC700048320 /* HomeInteractor.swift */,
				2A7DEE6B28A1DDCF00048320 /* HomePresenter.swift */,
				2A7DEE6F28A1DDE900048320 /* HomeRouter.swift */,
			);
			path = Main;
			sourceTree = "<group>";
		};
		2A7DEE7228A1DDFE00048320 /* Detail */ = {
			isa = PBXGroup;
			children = (
				2A4DF81228A331310063F9A7 /* Detail.storyboard */,
				2A7DEE7328A1DE3500048320 /* DetailViewController.swift */,
				2A7DEE7528A1DE3E00048320 /* DetailInteractor.swift */,
				2A7DEE7728A1DE4500048320 /* DetailPresenter.swift */,
				2A7DEE7B28A1DE5300048320 /* DetailRouter.swift */,
			);
			path = Detail;
			sourceTree = "<group>";
		};
		2A7DEE8128A1DFCD00048320 /* Common */ = {
			isa = PBXGroup;
			children = (
				2A7DEE8728A1E08700048320 /* LaunchScreen */,
				2A7DEE8328A1DFFB00048320 /* Resources */,
				2A7DEE8628A1E02400048320 /* Services */,
				2A7DEE8528A1E01F00048320 /* Models */,
				2A7DEE8428A1E01A00048320 /* Extensions */,
			);
			path = Common;
			sourceTree = "<group>";
		};
		2A7DEE8228A1DFD500048320 /* Application */ = {
			isa = PBXGroup;
			children = (
				2A7DEE5228A13A5100048320 /* AppDelegate.swift */,
				2A7DEE5428A13A5100048320 /* SceneDelegate.swift */,
			);
			path = Application;
			sourceTree = "<group>";
		};
		2A7DEE8328A1DFFB00048320 /* Resources */ = {
			isa = PBXGroup;
			children = (
				2A7DEE5B28A13A5200048320 /* Assets.xcassets */,
			);
			path = Resources;
			sourceTree = "<group>";
		};
		2A7DEE8428A1E01A00048320 /* Extensions */ = {
			isa = PBXGroup;
			children = (
			);
			path = Extensions;
			sourceTree = "<group>";
		};
		2A7DEE8528A1E01F00048320 /* Models */ = {
			isa = PBXGroup;
			children = (
				2A7DEE8828A32F0A00048320 /* Quote.swift */,
			);
			path = Models;
			sourceTree = "<group>";
		};
		2A7DEE8628A1E02400048320 /* Services */ = {
			isa = PBXGroup;
			children = (
				2A71AD9D28A338690061E762 /* APIService.swift */,
			);
			path = Services;
			sourceTree = "<group>";
		};
		2A7DEE8728A1E08700048320 /* LaunchScreen */ = {
			isa = PBXGroup;
			children = (
				2A7DEE5D28A13A5200048320 /* LaunchScreen.storyboard */,
			);
			path = LaunchScreen;
			sourceTree = "<group>";
		};
/* End PBXGroup section */

/* Begin PBXNativeTarget section */
		2A7DEE4E28A13A5100048320 /* VIPERArchitecture */ = {
			isa = PBXNativeTarget;
			buildConfigurationList = 2A7DEE6328A13A5200048320 /* Build configuration list for PBXNativeTarget "VIPERArchitecture" */;
			buildPhases = (
				2A71AD9F28A4EE650061E762 /* Run SwiftLint */,
				2A7DEE4B28A13A5100048320 /* Sources */,
				2A7DEE4C28A13A5100048320 /* Frameworks */,
				2A7DEE4D28A13A5100048320 /* Resources */,
			);
			buildRules = (
			);
			dependencies = (
			);
			name = VIPERArchitecture;
			productName = VIPERArchitecture;
			productReference = 2A7DEE4F28A13A5100048320 /* VIPERArchitecture.app */;
			productType = "com.apple.product-type.application";
		};
/* End PBXNativeTarget section */

/* Begin PBXProject section */
		2A7DEE4728A13A5100048320 /* Project object */ = {
			isa = PBXProject;
			attributes = {
				BuildIndependentTargetsInParallel = 1;
				LastSwiftUpdateCheck = 1340;
				LastUpgradeCheck = 1340;
				TargetAttributes = {
					2A7DEE4E28A13A5100048320 = {
						CreatedOnToolsVersion = 13.4.1;
					};
				};
			};
			buildConfigurationList = 2A7DEE4A28A13A5100048320 /* Build configuration list for PBXProject "VIPERArchitecture" */;
			compatibilityVersion = "Xcode 13.0";
			developmentRegion = en;
			hasScannedForEncodings = 0;
			knownRegions = (
				en,
				Base,
			);
			mainGroup = 2A7DEE4628A13A5100048320;
			productRefGroup = 2A7DEE5028A13A5100048320 /* Products */;
			projectDirPath = "";
			projectRoot = "";
			targets = (
				2A7DEE4E28A13A5100048320 /* VIPERArchitecture */,
			);
		};
/* End PBXProject section */

/* Begin PBXResourcesBuildPhase section */
		2A7DEE4D28A13A5100048320 /* Resources */ = {
			isa = PBXResourcesBuildPhase;
			buildActionMask = 2147483647;
			files = (
				2A4DF81128A330AD0063F9A7 /* Home.storyboard in Resources */,
				2A7DEE5F28A13A5200048320 /* LaunchScreen.storyboard in Resources */,
				2A7DEE5C28A13A5200048320 /* Assets.xcassets in Resources */,
				2A4DF81328A331310063F9A7 /* Detail.storyboard in Resources */,
			);
			runOnlyForDeploymentPostprocessing = 0;
		};
/* End PBXResourcesBuildPhase section */

/* Begin PBXShellScriptBuildPhase section */
		2A71AD9F28A4EE650061E762 /* Run SwiftLint */ = {
			isa = PBXShellScriptBuildPhase;
			buildActionMask = 2147483647;
			files = (
			);
			inputFileListPaths = (
			);
			inputPaths = (
			);
			name = "Run SwiftLint";
			outputFileListPaths = (
			);
			outputPaths = (
			);
			runOnlyForDeploymentPostprocessing = 0;
			shellPath = /bin/sh;
			shellScript = "if test -d /opt/homebrew/bin; then\n    PATH=/opt/homebrew/bin/:$PATH\nfi\n\nif which swiftlint >/dev/null; then\n    swiftlint\nelse\n    echo \"warning: SwiftLint not installed, download from https://github.com/realm/SwiftLint\"\nfi\n";
		};
/* End PBXShellScriptBuildPhase section */

/* Begin PBXSourcesBuildPhase section */
		2A7DEE4B28A13A5100048320 /* Sources */ = {
			isa = PBXSourcesBuildPhase;
			buildActionMask = 2147483647;
			files = (
				2A7DEE7628A1DE3E00048320 /* DetailInteractor.swift in Sources */,
				2A7DEE7C28A1DE5300048320 /* DetailRouter.swift in Sources */,
				2A7DEE7428A1DE3500048320 /* DetailViewController.swift in Sources */,
				2A7DEE7028A1DDE900048320 /* HomeRouter.swift in Sources */,
				2A7DEE7828A1DE4500048320 /* DetailPresenter.swift in Sources */,
				2A7DEE6C28A1DDCF00048320 /* HomePresenter.swift in Sources */,
				2A71AD9E28A338690061E762 /* APIService.swift in Sources */,
				2A7DEE6828A1DDB600048320 /* HomeViewController.swift in Sources */,
				2A7DEE5328A13A5100048320 /* AppDelegate.swift in Sources */,
				2A7DEE6A28A1DDC700048320 /* HomeInteractor.swift in Sources */,
				2A7DEE8928A32F0A00048320 /* Quote.swift in Sources */,
				2A7DEE5528A13A5100048320 /* SceneDelegate.swift in Sources */,
			);
			runOnlyForDeploymentPostprocessing = 0;
		};
/* End PBXSourcesBuildPhase section */

/* Begin PBXVariantGroup section */
		2A7DEE5D28A13A5200048320 /* LaunchScreen.storyboard */ = {
			isa = PBXVariantGroup;
			children = (
				2A7DEE5E28A13A5200048320 /* Base */,
			);
			name = LaunchScreen.storyboard;
			sourceTree = "<group>";
		};
/* End PBXVariantGroup section */

/* Begin XCBuildConfiguration section */
		2A7DEE6128A13A5200048320 /* Debug */ = {
			isa = XCBuildConfiguration;
			buildSettings = {
				ALWAYS_SEARCH_USER_PATHS = NO;
				CLANG_ANALYZER_NONNULL = YES;
				CLANG_ANALYZER_NUMBER_OBJECT_CONVERSION = YES_AGGRESSIVE;
				CLANG_CXX_LANGUAGE_STANDARD = "gnu++17";
				CLANG_ENABLE_MODULES = YES;
				CLANG_ENABLE_OBJC_ARC = YES;
				CLANG_ENABLE_OBJC_WEAK = YES;
				CLANG_WARN_BLOCK_CAPTURE_AUTORELEASING = YES;
				CLANG_WARN_BOOL_CONVERSION = YES;
				CLANG_WARN_COMMA = YES;
				CLANG_WARN_CONSTANT_CONVERSION = YES;
				CLANG_WARN_DEPRECATED_OBJC_IMPLEMENTATIONS = YES;
				CLANG_WARN_DIRECT_OBJC_ISA_USAGE = YES_ERROR;
				CLANG_WARN_DOCUMENTATION_COMMENTS = YES;
				CLANG_WARN_EMPTY_BODY = YES;
				CLANG_WARN_ENUM_CONVERSION = YES;
				CLANG_WARN_INFINITE_RECURSION = YES;
				CLANG_WARN_INT_CONVERSION = YES;
				CLANG_WARN_NON_LITERAL_NULL_CONVERSION = YES;
				CLANG_WARN_OBJC_IMPLICIT_RETAIN_SELF = YES;
				CLANG_WARN_OBJC_LITERAL_CONVERSION = YES;
				CLANG_WARN_OBJC_ROOT_CLASS = YES_ERROR;
				CLANG_WARN_QUOTED_INCLUDE_IN_FRAMEWORK_HEADER = YES;
				CLANG_WARN_RANGE_LOOP_ANALYSIS = YES;
				CLANG_WARN_STRICT_PROTOTYPES = YES;
				CLANG_WARN_SUSPICIOUS_MOVE = YES;
				CLANG_WARN_UNGUARDED_AVAILABILITY = YES_AGGRESSIVE;
				CLANG_WARN_UNREACHABLE_CODE = YES;
				CLANG_WARN__DUPLICATE_METHOD_MATCH = YES;
				COPY_PHASE_STRIP = NO;
				DEBUG_INFORMATION_FORMAT = dwarf;
				ENABLE_STRICT_OBJC_MSGSEND = YES;
				ENABLE_TESTABILITY = YES;
				GCC_C_LANGUAGE_STANDARD = gnu11;
				GCC_DYNAMIC_NO_PIC = NO;
				GCC_NO_COMMON_BLOCKS = YES;
				GCC_OPTIMIZATION_LEVEL = 0;
				GCC_PREPROCESSOR_DEFINITIONS = (
					"DEBUG=1",
					"$(inherited)",
				);
				GCC_WARN_64_TO_32_BIT_CONVERSION = YES;
				GCC_WARN_ABOUT_RETURN_TYPE = YES_ERROR;
				GCC_WARN_UNDECLARED_SELECTOR = YES;
				GCC_WARN_UNINITIALIZED_AUTOS = YES_AGGRESSIVE;
				GCC_WARN_UNUSED_FUNCTION = YES;
				GCC_WARN_UNUSED_VARIABLE = YES;
				IPHONEOS_DEPLOYMENT_TARGET = 15.5;
				MTL_ENABLE_DEBUG_INFO = INCLUDE_SOURCE;
				MTL_FAST_MATH = YES;
				ONLY_ACTIVE_ARCH = YES;
				SDKROOT = iphoneos;
				SWIFT_ACTIVE_COMPILATION_CONDITIONS = DEBUG;
				SWIFT_OPTIMIZATION_LEVEL = "-Onone";
			};
			name = Debug;
		};
		2A7DEE6228A13A5200048320 /* Release */ = {
			isa = XCBuildConfiguration;
			buildSettings = {
				ALWAYS_SEARCH_USER_PATHS = NO;
				CLANG_ANALYZER_NONNULL = YES;
				CLANG_ANALYZER_NUMBER_OBJECT_CONVERSION = YES_AGGRESSIVE;
				CLANG_CXX_LANGUAGE_STANDARD = "gnu++17";
				CLANG_ENABLE_MODULES = YES;
				CLANG_ENABLE_OBJC_ARC = YES;
				CLANG_ENABLE_OBJC_WEAK = YES;
				CLANG_WARN_BLOCK_CAPTURE_AUTORELEASING = YES;
				CLANG_WARN_BOOL_CONVERSION = YES;
				CLANG_WARN_COMMA = YES;
				CLANG_WARN_CONSTANT_CONVERSION = YES;
				CLANG_WARN_DEPRECATED_OBJC_IMPLEMENTATIONS = YES;
				CLANG_WARN_DIRECT_OBJC_ISA_USAGE = YES_ERROR;
				CLANG_WARN_DOCUMENTATION_COMMENTS = YES;
				CLANG_WARN_EMPTY_BODY = YES;
				CLANG_WARN_ENUM_CONVERSION = YES;
				CLANG_WARN_INFINITE_RECURSION = YES;
				CLANG_WARN_INT_CONVERSION = YES;
				CLANG_WARN_NON_LITERAL_NULL_CONVERSION = YES;
				CLANG_WARN_OBJC_IMPLICIT_RETAIN_SELF = YES;
				CLANG_WARN_OBJC_LITERAL_CONVERSION = YES;
				CLANG_WARN_OBJC_ROOT_CLASS = YES_ERROR;
				CLANG_WARN_QUOTED_INCLUDE_IN_FRAMEWORK_HEADER = YES;
				CLANG_WARN_RANGE_LOOP_ANALYSIS = YES;
				CLANG_WARN_STRICT_PROTOTYPES = YES;
				CLANG_WARN_SUSPICIOUS_MOVE = YES;
				CLANG_WARN_UNGUARDED_AVAILABILITY = YES_AGGRESSIVE;
				CLANG_WARN_UNREACHABLE_CODE = YES;
				CLANG_WARN__DUPLICATE_METHOD_MATCH = YES;
				COPY_PHASE_STRIP = NO;
				DEBUG_INFORMATION_FORMAT = "dwarf-with-dsym";
				ENABLE_NS_ASSERTIONS = NO;
				ENABLE_STRICT_OBJC_MSGSEND = YES;
				GCC_C_LANGUAGE_STANDARD = gnu11;
				GCC_NO_COMMON_BLOCKS = YES;
				GCC_WARN_64_TO_32_BIT_CONVERSION = YES;
				GCC_WARN_ABOUT_RETURN_TYPE = YES_ERROR;
				GCC_WARN_UNDECLARED_SELECTOR = YES;
				GCC_WARN_UNINITIALIZED_AUTOS = YES_AGGRESSIVE;
				GCC_WARN_UNUSED_FUNCTION = YES;
				GCC_WARN_UNUSED_VARIABLE = YES;
				IPHONEOS_DEPLOYMENT_TARGET = 15.5;
				MTL_ENABLE_DEBUG_INFO = NO;
				MTL_FAST_MATH = YES;
				SDKROOT = iphoneos;
				SWIFT_COMPILATION_MODE = wholemodule;
				SWIFT_OPTIMIZATION_LEVEL = "-O";
				VALIDATE_PRODUCT = YES;
			};
			name = Release;
		};
		2A7DEE6428A13A5200048320 /* Debug */ = {
			isa = XCBuildConfiguration;
			buildSettings = {
				ASSETCATALOG_COMPILER_APPICON_NAME = AppIcon;
				ASSETCATALOG_COMPILER_GLOBAL_ACCENT_COLOR_NAME = AccentColor;
				CODE_SIGN_STYLE = Automatic;
				CURRENT_PROJECT_VERSION = 1;
				DEVELOPMENT_TEAM = YT4PWFD9G5;
				GENERATE_INFOPLIST_FILE = YES;
				INFOPLIST_FILE = VIPERArchitecture/Info.plist;
				INFOPLIST_KEY_UIApplicationSupportsIndirectInputEvents = YES;
				INFOPLIST_KEY_UILaunchStoryboardName = LaunchScreen;
				INFOPLIST_KEY_UIMainStoryboardFile = Home;
				INFOPLIST_KEY_UISupportedInterfaceOrientations_iPad = "UIInterfaceOrientationPortrait UIInterfaceOrientationPortraitUpsideDown UIInterfaceOrientationLandscapeLeft UIInterfaceOrientationLandscapeRight";
				INFOPLIST_KEY_UISupportedInterfaceOrientations_iPhone = "UIInterfaceOrientationPortrait UIInterfaceOrientationLandscapeLeft UIInterfaceOrientationLandscapeRight";
				LD_RUNPATH_SEARCH_PATHS = (
					"$(inherited)",
					"@executable_path/Frameworks",
				);
				MARKETING_VERSION = 1.0;
				PRODUCT_BUNDLE_IDENTIFIER = Dean.Thompson.VIPERArchitecture;
				PRODUCT_NAME = "$(TARGET_NAME)";
				SWIFT_EMIT_LOC_STRINGS = YES;
				SWIFT_VERSION = 5.0;
				TARGETED_DEVICE_FAMILY = "1,2";
			};
			name = Debug;
		};
		2A7DEE6528A13A5200048320 /* Release */ = {
			isa = XCBuildConfiguration;
			buildSettings = {
				ASSETCATALOG_COMPILER_APPICON_NAME = AppIcon;
				ASSETCATALOG_COMPILER_GLOBAL_ACCENT_COLOR_NAME = AccentColor;
				CODE_SIGN_STYLE = Automatic;
				CURRENT_PROJECT_VERSION = 1;
				DEVELOPMENT_TEAM = YT4PWFD9G5;
				GENERATE_INFOPLIST_FILE = YES;
				INFOPLIST_FILE = VIPERArchitecture/Info.plist;
				INFOPLIST_KEY_UIApplicationSupportsIndirectInputEvents = YES;
				INFOPLIST_KEY_UILaunchStoryboardName = LaunchScreen;
				INFOPLIST_KEY_UIMainStoryboardFile = Home;
				INFOPLIST_KEY_UISupportedInterfaceOrientations_iPad = "UIInterfaceOrientationPortrait UIInterfaceOrientationPortraitUpsideDown UIInterfaceOrientationLandscapeLeft UIInterfaceOrientationLandscapeRight";
				INFOPLIST_KEY_UISupportedInterfaceOrientations_iPhone = "UIInterfaceOrientationPortrait UIInterfaceOrientationLandscapeLeft UIInterfaceOrientationLandscapeRight";
				LD_RUNPATH_SEARCH_PATHS = (
					"$(inherited)",
					"@executable_path/Frameworks",
				);
				MARKETING_VERSION = 1.0;
				PRODUCT_BUNDLE_IDENTIFIER = Dean.Thompson.VIPERArchitecture;
				PRODUCT_NAME = "$(TARGET_NAME)";
				SWIFT_EMIT_LOC_STRINGS = YES;
				SWIFT_VERSION = 5.0;
				TARGETED_DEVICE_FAMILY = "1,2";
			};
			name = Release;
		};
/* End XCBuildConfiguration section */

/* Begin XCConfigurationList section */
		2A7DEE4A28A13A5100048320 /* Build configuration list for PBXProject "VIPERArchitecture" */ = {
			isa = XCConfigurationList;
			buildConfigurations = (
				2A7DEE6128A13A5200048320 /* Debug */,
				2A7DEE6228A13A5200048320 /* Release */,
			);
			defaultConfigurationIsVisible = 0;
			defaultConfigurationName = Release;
		};
		2A7DEE6328A13A5200048320 /* Build configuration list for PBXNativeTarget "VIPERArchitecture" */ = {
			isa = XCConfigurationList;
			buildConfigurations = (
				2A7DEE6428A13A5200048320 /* Debug */,
				2A7DEE6528A13A5200048320 /* Release */,
			);
			defaultConfigurationIsVisible = 0;
			defaultConfigurationName = Release;
		};
/* End XCConfigurationList section */
	};
	rootObject = 2A7DEE4728A13A5100048320 /* Project object */;
}
